
Microsoft Visual Studio Solution File, Format Version 12.00
# Visual Studio 15
VisualStudioVersion = 15.0.27428.2011
MinimumVisualStudioVersion = 10.0.40219.1
Project("{8BC9CEB8-8B4A-11D0-8D11-00A0C91BC942}") = "work8_13栈和队列", "work8_13栈和队列\work8_13栈和队列.vcxproj", "{E0AC98B1-53FA-4883-BB48-C880C4AE8A04}"
EndProject
Global
	GlobalSection(SolutionConfigurationPlatforms) = preSolution
		Debug|x64 = Debug|x64
		Debug|x86 = Debug|x86
		Release|x64 = Release|x64
		Release|x86 = Release|x86
	EndGlobalSection
	GlobalSection(ProjectConfigurationPlatforms) = postSolution
		{E0AC98B1-53FA-4883-BB48-C880C4AE8A04}.Debug|x64.ActiveCfg = Debug|x64
		{E0AC98B1-53FA-4883-BB48-C880C4AE8A04}.Debug|x64.Build.0 = Debug|x64
		{E0AC98B1-53FA-4883-BB48-C880C4AE8A04}.Debug|x86.ActiveCfg = Debug|Win32
		{E0AC98B1-53FA-4883-BB48-C880C4AE8A04}.Debug|x86.Build.0 = Debug|Win32
		{E0AC98B1-53FA-4883-BB48-C880C4AE8A04}.Release|x64.ActiveCfg = Release|x64
		{E0AC98B1-53FA-4883-BB48-C880C4AE8A04}.Release|x64.Build.0 = Release|x64
		{E0AC98B1-53FA-4883-BB48-C880C4AE8A04}.Release|x86.ActiveCfg = Release|Win32
		{E0AC98B1-53FA-4883-BB48-C880C4AE8A04}.Release|x86.Build.0 = Release|Win32
	EndGlobalSection
	GlobalSection(SolutionProperties) = preSolution
		HideSolutionNode = FALSE
	EndGlobalSection
	GlobalSection(ExtensibilityGlobals) = postSolution
		SolutionGuid = {43A525AC-101F-452B-AF79-F12134AC4E91}
	EndGlobalSection
EndGlobal
